
Microsoft Visual Studio Solution File, Format Version 11.00
# Visual Studio 2010
Project("{FAE04EC0-301F-11D3-BF4B-00C04F79EFBC}") = "Assembly-CSharp", "Assembly-CSharp.csproj", "{4c877fce-10ea-f5df-0c3a-ad48b5ef9ec8}"
EndProject
Project("{FAE04EC0-301F-11D3-BF4B-00C04F79EFBC}") = "Assembly-CSharp-Editor", "Assembly-CSharp-Editor.csproj", "{80c3e226-7632-59ac-2aba-c7e0209d0591}"
EndProject
Global
	GlobalSection(SolutionConfigurationPlatforms) = preSolution
		Debug|Any CPU = Debug|Any CPU
		Release|Any CPU = Release|Any CPU
	EndGlobalSection
	GlobalSection(ProjectConfigurationPlatforms) = postSolution
		{4c877fce-10ea-f5df-0c3a-ad48b5ef9ec8}.Debug|Any CPU.ActiveCfg = Debug|Any CPU
		{4c877fce-10ea-f5df-0c3a-ad48b5ef9ec8}.Debug|Any CPU.Build.0 = Debug|Any CPU
		{4c877fce-10ea-f5df-0c3a-ad48b5ef9ec8}.Release|Any CPU.ActiveCfg = Release|Any CPU
		{4c877fce-10ea-f5df-0c3a-ad48b5ef9ec8}.Release|Any CPU.Build.0 = Release|Any CPU
		{80c3e226-7632-59ac-2aba-c7e0209d0591}.Debug|Any CPU.ActiveCfg = Debug|Any CPU
		{80c3e226-7632-59ac-2aba-c7e0209d0591}.Debug|Any CPU.Build.0 = Debug|Any CPU
		{80c3e226-7632-59ac-2aba-c7e0209d0591}.Release|Any CPU.ActiveCfg = Release|Any CPU
		{80c3e226-7632-59ac-2aba-c7e0209d0591}.Release|Any CPU.Build.0 = Release|Any CPU
	EndGlobalSection
	GlobalSection(SolutionProperties) = preSolution
		HideSolutionNode = FALSE
	EndGlobalSection
EndGlobal
